{
  "name": "snowstaking",
  "version": "1.0.0-alpha",
  "lockfileVersion": 2,
  "requires": true,
  "packages": {
    "": {
      "name": "snowstaking",
      "version": "1.0.0-alpha",
      "license": "MIT",
      "dependencies": {
        "griddedjs": "^1.0.2"
      }
    },
    "node_modules/griddedjs": {
      "version": "1.0.2",
      "resolved": "https://registry.npmjs.org/griddedjs/-/griddedjs-1.0.2.tgz",
      "integrity": "sha512-yHJCHi6+VL9Om+9C9GA9BsDsR1PapufB5ONA58ZxL4phx69NVhF/CwtsxJEwSrr30LeYS9x5nzeHutRChfWe3w=="
    }
  },
  "dependencies": {
    "griddedjs": {
      "version": "1.0.2",
      "resolved": "https://registry.npmjs.org/griddedjs/-/griddedjs-1.0.2.tgz",
      "integrity": "sha512-yHJCHi6+VL9Om+9C9GA9BsDsR1PapufB5ONA58ZxL4phx69NVhF/CwtsxJEwSrr30LeYS9x5nzeHutRChfWe3w=="
    }
  }
}
